
Microsoft Visual Studio Solution File, Format Version 12.00
# Visual Studio Version 17
VisualStudioVersion = 17.8.34330.188
MinimumVisualStudioVersion = 10.0.40219.1
Project("{9A19103F-16F7-4668-BE54-9A1E7A4F7556}") = "001LlamadaRandom", "001LlamadaRandom\001LlamadaRandom.csproj", "{9E7F8C7D-AD98-4770-8001-8A9902ECD900}"
EndProject
Project("{9A19103F-16F7-4668-BE54-9A1E7A4F7556}") = "002SobrecargaRandom", "002SobrecargaRandom\002SobrecargaRandom.csproj", "{3E8798DC-9CD8-4E6E-B62C-2D97F3D5BA9B}"
EndProject
Project("{9A19103F-16F7-4668-BE54-9A1E7A4F7556}") = "003ElMayor", "003ElMayor\003ElMayor.csproj", "{3688C7BE-03F6-4D58-B8BA-30EDF24FAF88}"
EndProject
Project("{9A19103F-16F7-4668-BE54-9A1E7A4F7556}") = "004Dados", "004Dados\004Dados.csproj", "{0A4EA4A2-52C8-4348-94FD-6A3063770029}"
EndProject
Project("{9A19103F-16F7-4668-BE54-9A1E7A4F7556}") = "005LogicaDeNegocio", "005LogicaDeNegocio\005LogicaDeNegocio.csproj", "{AD6EF36B-90AF-4AD7-850B-CF042F915DAA}"
EndProject
Project("{FAE04EC0-301F-11D3-BF4B-00C04F79EFBC}") = "006PedidosFraudulentos", "006PedidosFraudulentos\006PedidosFraudulentos.csproj", "{B895D9AD-E3EA-4DF6-BCDE-1000C6A6B900}"
EndProject
Project("{FAE04EC0-301F-11D3-BF4B-00C04F79EFBC}") = "007StudentGrading", "007StudentGrading\007StudentGrading.csproj", "{6FBDC0D4-F321-4D4B-B5A2-0E9C9B9D1C9A}"
EndProject
Project("{FAE04EC0-301F-11D3-BF4B-00C04F79EFBC}") = "008ChallengeProject", "008ChallengeProject\008ChallengeProject.csproj", "{D0694138-7BE2-4ED5-9F99-6CAE8BB000AA}"
EndProject
Project("{FAE04EC0-301F-11D3-BF4B-00C04F79EFBC}") = "009CaraOCruz", "009CaraOCruz\009CaraOCruz.csproj", "{9E7ADD42-953C-4246-8A17-E2036CD35A32}"
EndProject
Project("{FAE04EC0-301F-11D3-BF4B-00C04F79EFBC}") = "010Acceso", "010Acceso\010Acceso.csproj", "{255BA4D6-C473-4368-910B-EBE29EFD6FC2}"
EndProject
Project("{FAE04EC0-301F-11D3-BF4B-00C04F79EFBC}") = "011Scope", "011Scope\011Scope.csproj", "{80586981-FC66-45B9-9566-8543A6500391}"
EndProject
Project("{FAE04EC0-301F-11D3-BF4B-00C04F79EFBC}") = "012SwitchCase", "012SwitchCase\012SwitchCase.csproj", "{0C85B5CA-F231-4789-9F7A-ED1ED7A980B8}"
EndProject
Project("{FAE04EC0-301F-11D3-BF4B-00C04F79EFBC}") = "013ConversionASwitch", "013ConversionASwitch\013ConversionASwitch.csproj", "{1DAFE76C-E7F8-4458-B4F5-7B74A3877969}"
EndProject
Project("{FAE04EC0-301F-11D3-BF4B-00C04F79EFBC}") = "014FizzBuzz", "014FizzBuzz\014FizzBuzz.csproj", "{D4AFDE99-2C93-4F6A-894D-513A8C239E82}"
EndProject
Project("{FAE04EC0-301F-11D3-BF4B-00C04F79EFBC}") = "015HeroeYMonstruo", "015HeroeYMonstruo\015HeroeYMonstruo.csproj", "{2100EEEB-2951-42B9-B71B-FB79BEED5CF3}"
EndProject
Project("{FAE04EC0-301F-11D3-BF4B-00C04F79EFBC}") = "016ProyectosIteracion", "016ProyectosIteracion\016ProyectosIteracion.csproj", "{D6C39FCB-AAEE-4E59-BA13-22E6E0148DED}"
EndProject
Project("{FAE04EC0-301F-11D3-BF4B-00C04F79EFBC}") = "017ContosoPets", "017ContosoPets\017ContosoPets.csproj", "{9BF22E05-5B72-4BE8-8555-9523D620C79B}"
EndProject
Project("{FAE04EC0-301F-11D3-BF4B-00C04F79EFBC}") = "018TiposDeEnteros", "018TiposDeEnteros\018TiposDeEnteros.csproj", "{3F7552DC-1D08-4699-A648-6B3D070CC955}"
EndProject
Project("{FAE04EC0-301F-11D3-BF4B-00C04F79EFBC}") = "019TiposFlotantes", "019TiposFlotantes\019TiposFlotantes.csproj", "{539B41F4-48AE-48D5-84DB-87F44917201F}"
EndProject
Project("{FAE04EC0-301F-11D3-BF4B-00C04F79EFBC}") = "020TryParse", "020TryParse\020TryParse.csproj", "{01E50756-A63E-4A65-A8E3-C8F6368B9A48}"
EndProject
Project("{FAE04EC0-301F-11D3-BF4B-00C04F79EFBC}") = "021Conversion", "021Conversion\021Conversion.csproj", "{7C093FD0-B294-4462-BAEA-269CFE4B3E87}"
EndProject
Project("{FAE04EC0-301F-11D3-BF4B-00C04F79EFBC}") = "022PangramReversal", "022PangramReversal\022PangramReversal.csproj", "{B6758563-1EE5-4F67-8539-43E8E86A23A3}"
EndProject
Project("{FAE04EC0-301F-11D3-BF4B-00C04F79EFBC}") = "023CheckOrderLength", "023CheckOrderLength\023CheckOrderLength.csproj", "{DB29AD2D-0B22-4D37-9614-0DFF2D553C82}"
EndProject
Project("{FAE04EC0-301F-11D3-BF4B-00C04F79EFBC}") = "024Formatting", "024Formatting\024Formatting.csproj", "{88979EBF-91DB-44E5-A7BD-4A16374C8D42}"
EndProject
Project("{FAE04EC0-301F-11D3-BF4B-00C04F79EFBC}") = "025ExtractReplaceRemove", "025ExtractReplaceRemove\025ExtractReplaceRemove.csproj", "{38500DC5-CE50-4297-B9CD-A261A02C9B1E}"
EndProject
Project("{FAE04EC0-301F-11D3-BF4B-00C04F79EFBC}") = "026ContosoPets2", "026ContosoPets2\026ContosoPets2.csproj", "{7CBA5C2D-7B59-4FB0-B44A-27AEEFEEDAAF}"
EndProject
Global
	GlobalSection(SolutionConfigurationPlatforms) = preSolution
		Debug|Any CPU = Debug|Any CPU
		Release|Any CPU = Release|Any CPU
	EndGlobalSection
	GlobalSection(ProjectConfigurationPlatforms) = postSolution
		{9E7F8C7D-AD98-4770-8001-8A9902ECD900}.Debug|Any CPU.ActiveCfg = Debug|Any CPU
		{9E7F8C7D-AD98-4770-8001-8A9902ECD900}.Debug|Any CPU.Build.0 = Debug|Any CPU
		{9E7F8C7D-AD98-4770-8001-8A9902ECD900}.Release|Any CPU.ActiveCfg = Release|Any CPU
		{9E7F8C7D-AD98-4770-8001-8A9902ECD900}.Release|Any CPU.Build.0 = Release|Any CPU
		{3E8798DC-9CD8-4E6E-B62C-2D97F3D5BA9B}.Debug|Any CPU.ActiveCfg = Debug|Any CPU
		{3E8798DC-9CD8-4E6E-B62C-2D97F3D5BA9B}.Debug|Any CPU.Build.0 = Debug|Any CPU
		{3E8798DC-9CD8-4E6E-B62C-2D97F3D5BA9B}.Release|Any CPU.ActiveCfg = Release|Any CPU
		{3E8798DC-9CD8-4E6E-B62C-2D97F3D5BA9B}.Release|Any CPU.Build.0 = Release|Any CPU
		{3688C7BE-03F6-4D58-B8BA-30EDF24FAF88}.Debug|Any CPU.ActiveCfg = Debug|Any CPU
		{3688C7BE-03F6-4D58-B8BA-30EDF24FAF88}.Debug|Any CPU.Build.0 = Debug|Any CPU
		{3688C7BE-03F6-4D58-B8BA-30EDF24FAF88}.Release|Any CPU.ActiveCfg = Release|Any CPU
		{3688C7BE-03F6-4D58-B8BA-30EDF24FAF88}.Release|Any CPU.Build.0 = Release|Any CPU
		{0A4EA4A2-52C8-4348-94FD-6A3063770029}.Debug|Any CPU.ActiveCfg = Debug|Any CPU
		{0A4EA4A2-52C8-4348-94FD-6A3063770029}.Debug|Any CPU.Build.0 = Debug|Any CPU
		{0A4EA4A2-52C8-4348-94FD-6A3063770029}.Release|Any CPU.ActiveCfg = Release|Any CPU
		{0A4EA4A2-52C8-4348-94FD-6A3063770029}.Release|Any CPU.Build.0 = Release|Any CPU
		{AD6EF36B-90AF-4AD7-850B-CF042F915DAA}.Debug|Any CPU.ActiveCfg = Debug|Any CPU
		{AD6EF36B-90AF-4AD7-850B-CF042F915DAA}.Debug|Any CPU.Build.0 = Debug|Any CPU
		{AD6EF36B-90AF-4AD7-850B-CF042F915DAA}.Release|Any CPU.ActiveCfg = Release|Any CPU
		{AD6EF36B-90AF-4AD7-850B-CF042F915DAA}.Release|Any CPU.Build.0 = Release|Any CPU
		{B895D9AD-E3EA-4DF6-BCDE-1000C6A6B900}.Debug|Any CPU.ActiveCfg = Debug|Any CPU
		{B895D9AD-E3EA-4DF6-BCDE-1000C6A6B900}.Debug|Any CPU.Build.0 = Debug|Any CPU
		{B895D9AD-E3EA-4DF6-BCDE-1000C6A6B900}.Release|Any CPU.ActiveCfg = Release|Any CPU
		{B895D9AD-E3EA-4DF6-BCDE-1000C6A6B900}.Release|Any CPU.Build.0 = Release|Any CPU
		{6FBDC0D4-F321-4D4B-B5A2-0E9C9B9D1C9A}.Debug|Any CPU.ActiveCfg = Debug|Any CPU
		{6FBDC0D4-F321-4D4B-B5A2-0E9C9B9D1C9A}.Debug|Any CPU.Build.0 = Debug|Any CPU
		{6FBDC0D4-F321-4D4B-B5A2-0E9C9B9D1C9A}.Release|Any CPU.ActiveCfg = Release|Any CPU
		{6FBDC0D4-F321-4D4B-B5A2-0E9C9B9D1C9A}.Release|Any CPU.Build.0 = Release|Any CPU
		{D0694138-7BE2-4ED5-9F99-6CAE8BB000AA}.Debug|Any CPU.ActiveCfg = Debug|Any CPU
		{D0694138-7BE2-4ED5-9F99-6CAE8BB000AA}.Debug|Any CPU.Build.0 = Debug|Any CPU
		{D0694138-7BE2-4ED5-9F99-6CAE8BB000AA}.Release|Any CPU.ActiveCfg = Release|Any CPU
		{D0694138-7BE2-4ED5-9F99-6CAE8BB000AA}.Release|Any CPU.Build.0 = Release|Any CPU
		{9E7ADD42-953C-4246-8A17-E2036CD35A32}.Debug|Any CPU.ActiveCfg = Debug|Any CPU
		{9E7ADD42-953C-4246-8A17-E2036CD35A32}.Debug|Any CPU.Build.0 = Debug|Any CPU
		{9E7ADD42-953C-4246-8A17-E2036CD35A32}.Release|Any CPU.ActiveCfg = Release|Any CPU
		{9E7ADD42-953C-4246-8A17-E2036CD35A32}.Release|Any CPU.Build.0 = Release|Any CPU
		{255BA4D6-C473-4368-910B-EBE29EFD6FC2}.Debug|Any CPU.ActiveCfg = Debug|Any CPU
		{255BA4D6-C473-4368-910B-EBE29EFD6FC2}.Debug|Any CPU.Build.0 = Debug|Any CPU
		{255BA4D6-C473-4368-910B-EBE29EFD6FC2}.Release|Any CPU.ActiveCfg = Release|Any CPU
		{255BA4D6-C473-4368-910B-EBE29EFD6FC2}.Release|Any CPU.Build.0 = Release|Any CPU
		{80586981-FC66-45B9-9566-8543A6500391}.Debug|Any CPU.ActiveCfg = Debug|Any CPU
		{80586981-FC66-45B9-9566-8543A6500391}.Debug|Any CPU.Build.0 = Debug|Any CPU
		{80586981-FC66-45B9-9566-8543A6500391}.Release|Any CPU.ActiveCfg = Release|Any CPU
		{80586981-FC66-45B9-9566-8543A6500391}.Release|Any CPU.Build.0 = Release|Any CPU
		{0C85B5CA-F231-4789-9F7A-ED1ED7A980B8}.Debug|Any CPU.ActiveCfg = Debug|Any CPU
		{0C85B5CA-F231-4789-9F7A-ED1ED7A980B8}.Debug|Any CPU.Build.0 = Debug|Any CPU
		{0C85B5CA-F231-4789-9F7A-ED1ED7A980B8}.Release|Any CPU.ActiveCfg = Release|Any CPU
		{0C85B5CA-F231-4789-9F7A-ED1ED7A980B8}.Release|Any CPU.Build.0 = Release|Any CPU
		{1DAFE76C-E7F8-4458-B4F5-7B74A3877969}.Debug|Any CPU.ActiveCfg = Debug|Any CPU
		{1DAFE76C-E7F8-4458-B4F5-7B74A3877969}.Debug|Any CPU.Build.0 = Debug|Any CPU
		{1DAFE76C-E7F8-4458-B4F5-7B74A3877969}.Release|Any CPU.ActiveCfg = Release|Any CPU
		{1DAFE76C-E7F8-4458-B4F5-7B74A3877969}.Release|Any CPU.Build.0 = Release|Any CPU
		{D4AFDE99-2C93-4F6A-894D-513A8C239E82}.Debug|Any CPU.ActiveCfg = Debug|Any CPU
		{D4AFDE99-2C93-4F6A-894D-513A8C239E82}.Debug|Any CPU.Build.0 = Debug|Any CPU
		{D4AFDE99-2C93-4F6A-894D-513A8C239E82}.Release|Any CPU.ActiveCfg = Release|Any CPU
		{D4AFDE99-2C93-4F6A-894D-513A8C239E82}.Release|Any CPU.Build.0 = Release|Any CPU
		{2100EEEB-2951-42B9-B71B-FB79BEED5CF3}.Debug|Any CPU.ActiveCfg = Debug|Any CPU
		{2100EEEB-2951-42B9-B71B-FB79BEED5CF3}.Debug|Any CPU.Build.0 = Debug|Any CPU
		{2100EEEB-2951-42B9-B71B-FB79BEED5CF3}.Release|Any CPU.ActiveCfg = Release|Any CPU
		{2100EEEB-2951-42B9-B71B-FB79BEED5CF3}.Release|Any CPU.Build.0 = Release|Any CPU
		{D6C39FCB-AAEE-4E59-BA13-22E6E0148DED}.Debug|Any CPU.ActiveCfg = Debug|Any CPU
		{D6C39FCB-AAEE-4E59-BA13-22E6E0148DED}.Debug|Any CPU.Build.0 = Debug|Any CPU
		{D6C39FCB-AAEE-4E59-BA13-22E6E0148DED}.Release|Any CPU.ActiveCfg = Release|Any CPU
		{D6C39FCB-AAEE-4E59-BA13-22E6E0148DED}.Release|Any CPU.Build.0 = Release|Any CPU
		{9BF22E05-5B72-4BE8-8555-9523D620C79B}.Debug|Any CPU.ActiveCfg = Debug|Any CPU
		{9BF22E05-5B72-4BE8-8555-9523D620C79B}.Debug|Any CPU.Build.0 = Debug|Any CPU
		{9BF22E05-5B72-4BE8-8555-9523D620C79B}.Release|Any CPU.ActiveCfg = Release|Any CPU
		{9BF22E05-5B72-4BE8-8555-9523D620C79B}.Release|Any CPU.Build.0 = Release|Any CPU
		{3F7552DC-1D08-4699-A648-6B3D070CC955}.Debug|Any CPU.ActiveCfg = Debug|Any CPU
		{3F7552DC-1D08-4699-A648-6B3D070CC955}.Debug|Any CPU.Build.0 = Debug|Any CPU
		{3F7552DC-1D08-4699-A648-6B3D070CC955}.Release|Any CPU.ActiveCfg = Release|Any CPU
		{3F7552DC-1D08-4699-A648-6B3D070CC955}.Release|Any CPU.Build.0 = Release|Any CPU
		{539B41F4-48AE-48D5-84DB-87F44917201F}.Debug|Any CPU.ActiveCfg = Debug|Any CPU
		{539B41F4-48AE-48D5-84DB-87F44917201F}.Debug|Any CPU.Build.0 = Debug|Any CPU
		{539B41F4-48AE-48D5-84DB-87F44917201F}.Release|Any CPU.ActiveCfg = Release|Any CPU
		{539B41F4-48AE-48D5-84DB-87F44917201F}.Release|Any CPU.Build.0 = Release|Any CPU
		{01E50756-A63E-4A65-A8E3-C8F6368B9A48}.Debug|Any CPU.ActiveCfg = Debug|Any CPU
		{01E50756-A63E-4A65-A8E3-C8F6368B9A48}.Debug|Any CPU.Build.0 = Debug|Any CPU
		{01E50756-A63E-4A65-A8E3-C8F6368B9A48}.Release|Any CPU.ActiveCfg = Release|Any CPU
		{01E50756-A63E-4A65-A8E3-C8F6368B9A48}.Release|Any CPU.Build.0 = Release|Any CPU
		{7C093FD0-B294-4462-BAEA-269CFE4B3E87}.Debug|Any CPU.ActiveCfg = Debug|Any CPU
		{7C093FD0-B294-4462-BAEA-269CFE4B3E87}.Debug|Any CPU.Build.0 = Debug|Any CPU
		{7C093FD0-B294-4462-BAEA-269CFE4B3E87}.Release|Any CPU.ActiveCfg = Release|Any CPU
		{7C093FD0-B294-4462-BAEA-269CFE4B3E87}.Release|Any CPU.Build.0 = Release|Any CPU
		{B6758563-1EE5-4F67-8539-43E8E86A23A3}.Debug|Any CPU.ActiveCfg = Debug|Any CPU
		{B6758563-1EE5-4F67-8539-43E8E86A23A3}.Debug|Any CPU.Build.0 = Debug|Any CPU
		{B6758563-1EE5-4F67-8539-43E8E86A23A3}.Release|Any CPU.ActiveCfg = Release|Any CPU
		{B6758563-1EE5-4F67-8539-43E8E86A23A3}.Release|Any CPU.Build.0 = Release|Any CPU
		{DB29AD2D-0B22-4D37-9614-0DFF2D553C82}.Debug|Any CPU.ActiveCfg = Debug|Any CPU
		{DB29AD2D-0B22-4D37-9614-0DFF2D553C82}.Debug|Any CPU.Build.0 = Debug|Any CPU
		{DB29AD2D-0B22-4D37-9614-0DFF2D553C82}.Release|Any CPU.ActiveCfg = Release|Any CPU
		{DB29AD2D-0B22-4D37-9614-0DFF2D553C82}.Release|Any CPU.Build.0 = Release|Any CPU
		{88979EBF-91DB-44E5-A7BD-4A16374C8D42}.Debug|Any CPU.ActiveCfg = Debug|Any CPU
		{88979EBF-91DB-44E5-A7BD-4A16374C8D42}.Debug|Any CPU.Build.0 = Debug|Any CPU
		{88979EBF-91DB-44E5-A7BD-4A16374C8D42}.Release|Any CPU.ActiveCfg = Release|Any CPU
		{88979EBF-91DB-44E5-A7BD-4A16374C8D42}.Release|Any CPU.Build.0 = Release|Any CPU
		{38500DC5-CE50-4297-B9CD-A261A02C9B1E}.Debug|Any CPU.ActiveCfg = Debug|Any CPU
		{38500DC5-CE50-4297-B9CD-A261A02C9B1E}.Debug|Any CPU.Build.0 = Debug|Any CPU
		{38500DC5-CE50-4297-B9CD-A261A02C9B1E}.Release|Any CPU.ActiveCfg = Release|Any CPU
		{38500DC5-CE50-4297-B9CD-A261A02C9B1E}.Release|Any CPU.Build.0 = Release|Any CPU
		{7CBA5C2D-7B59-4FB0-B44A-27AEEFEEDAAF}.Debug|Any CPU.ActiveCfg = Debug|Any CPU
		{7CBA5C2D-7B59-4FB0-B44A-27AEEFEEDAAF}.Debug|Any CPU.Build.0 = Debug|Any CPU
		{7CBA5C2D-7B59-4FB0-B44A-27AEEFEEDAAF}.Release|Any CPU.ActiveCfg = Release|Any CPU
		{7CBA5C2D-7B59-4FB0-B44A-27AEEFEEDAAF}.Release|Any CPU.Build.0 = Release|Any CPU
	EndGlobalSection
	GlobalSection(SolutionProperties) = preSolution
		HideSolutionNode = FALSE
	EndGlobalSection
	GlobalSection(ExtensibilityGlobals) = postSolution
		SolutionGuid = {B855A207-1C3F-40E0-9D5A-55A6C46B2753}
	EndGlobalSection
EndGlobal
